
Microsoft Visual Studio Solution File, Format Version 12.00
# Visual Studio Version 16
VisualStudioVersion = 16.0.31112.23
MinimumVisualStudioVersion = 10.0.40219.1
Project("{FAE04EC0-301F-11D3-BF4B-00C04F79EFBC}") = "Jadwel", "Jadwel\Jadwel.csproj", "{612A325D-A150-4977-8C73-53290BDD49CE}"
EndProject
Project("{FAE04EC0-301F-11D3-BF4B-00C04F79EFBC}") = "Just.Jadwel.Infra", "Just.Jadwel.Infra\Just.Jadwel.Infra.csproj", "{26854487-BA39-4C12-9C17-FF234D579ADB}"
EndProject
Project("{FAE04EC0-301F-11D3-BF4B-00C04F79EFBC}") = "Just.Jadwel.Core", "Just.Jadwel.Core\Just.Jadwel.Core.csproj", "{50D2783F-5F1E-47C2-B103-3D46C7AC884A}"
EndProject
Global
	GlobalSection(SolutionConfigurationPlatforms) = preSolution
		Debug|Any CPU = Debug|Any CPU
		Release|Any CPU = Release|Any CPU
	EndGlobalSection
	GlobalSection(ProjectConfigurationPlatforms) = postSolution
		{612A325D-A150-4977-8C73-53290BDD49CE}.Debug|Any CPU.ActiveCfg = Debug|Any CPU
		{612A325D-A150-4977-8C73-53290BDD49CE}.Debug|Any CPU.Build.0 = Debug|Any CPU
		{612A325D-A150-4977-8C73-53290BDD49CE}.Release|Any CPU.ActiveCfg = Release|Any CPU
		{612A325D-A150-4977-8C73-53290BDD49CE}.Release|Any CPU.Build.0 = Release|Any CPU
		{26854487-BA39-4C12-9C17-FF234D579ADB}.Debug|Any CPU.ActiveCfg = Debug|Any CPU
		{26854487-BA39-4C12-9C17-FF234D579ADB}.Debug|Any CPU.Build.0 = Debug|Any CPU
		{26854487-BA39-4C12-9C17-FF234D579ADB}.Release|Any CPU.ActiveCfg = Release|Any CPU
		{26854487-BA39-4C12-9C17-FF234D579ADB}.Release|Any CPU.Build.0 = Release|Any CPU
		{50D2783F-5F1E-47C2-B103-3D46C7AC884A}.Debug|Any CPU.ActiveCfg = Debug|Any CPU
		{50D2783F-5F1E-47C2-B103-3D46C7AC884A}.Debug|Any CPU.Build.0 = Debug|Any CPU
		{50D2783F-5F1E-47C2-B103-3D46C7AC884A}.Release|Any CPU.ActiveCfg = Release|Any CPU
		{50D2783F-5F1E-47C2-B103-3D46C7AC884A}.Release|Any CPU.Build.0 = Release|Any CPU
	EndGlobalSection
	GlobalSection(SolutionProperties) = preSolution
		HideSolutionNode = FALSE
	EndGlobalSection
	GlobalSection(ExtensibilityGlobals) = postSolution
		SolutionGuid = {40AA2BE0-A1C2-427A-B99A-A635CCAE1B52}
	EndGlobalSection
EndGlobal
